# This is a Gradle generated file for dependency locking.
# Manual edits can break the build and are not advised.
# This file is expected to be part of source control.
cglib:cglib:3.3.0=testCompileClasspath,testRuntimeClasspath
javax.validation:validation-api:2.0.1.Final=testCompileClasspath,testRuntimeClasspath
net.bytebuddy:byte-buddy-agent:1.12.8=testCompileClasspath,testRuntimeClasspath
net.bytebuddy:byte-buddy:1.12.8=allCodeCoverageReportClassDirectories,compileClasspath,runtimeClasspath,testCompileClasspath,testRuntimeClasspath
net.sf.jopt-simple:jopt-simple:5.0.4=testCompileClasspath,testRuntimeClasspath
nl.jqno.equalsverifier:equalsverifier:3.10=testCompileClasspath,testRuntimeClasspath
org.apache.commons:commons-lang3:3.12.0=testCompileClasspath,testRuntimeClasspath
org.apache.commons:commons-math3:3.2=testCompileClasspath,testRuntimeClasspath
org.apiguardian:apiguardian-api:1.1.2=testCompileClasspath
org.assertj:assertj-core:3.22.0=testCompileClasspath,testRuntimeClasspath
org.jacoco:org.jacoco.agent:0.8.7=jacocoAgent,jacocoAnt
org.jacoco:org.jacoco.ant:0.8.7=jacocoAnt
org.jacoco:org.jacoco.core:0.8.7=jacocoAnt
org.jacoco:org.jacoco.report:0.8.7=jacocoAnt
org.javassist:javassist:3.28.0-GA=testCompileClasspath,testRuntimeClasspath
org.jetbrains:annotations:23.0.0=compileClasspath,testCompileClasspath
org.junit.jupiter:junit-jupiter-api:5.8.2=testCompileClasspath,testRuntimeClasspath
org.junit.jupiter:junit-jupiter-engine:5.8.2=testRuntimeClasspath
org.junit.jupiter:junit-jupiter-params:5.8.2=testCompileClasspath,testRuntimeClasspath
org.junit.platform:junit-platform-commons:1.8.2=testCompileClasspath,testRuntimeClasspath
org.junit.platform:junit-platform-engine:1.8.2=testRuntimeClasspath
org.junit:junit-bom:5.8.2=testCompileClasspath,testRuntimeClasspath
org.mockito:mockito-core:4.4.0=testCompileClasspath,testRuntimeClasspath
org.objenesis:objenesis:3.2=allCodeCoverageReportClassDirectories,compileClasspath,runtimeClasspath,testCompileClasspath,testRuntimeClasspath
org.openjdk.jmh:jmh-core:1.35=testCompileClasspath,testRuntimeClasspath
org.openjdk.jmh:jmh-generator-annprocess:1.35=testRuntimeClasspath
org.opentest4j:opentest4j:1.2.0=testCompileClasspath,testRuntimeClasspath
org.ow2.asm:asm-analysis:9.1=jacocoAnt
org.ow2.asm:asm-commons:9.1=jacocoAnt
org.ow2.asm:asm-tree:9.1=jacocoAnt
org.ow2.asm:asm:7.1=testCompileClasspath,testRuntimeClasspath
org.ow2.asm:asm:9.1=jacocoAnt
empty=annotationProcessor,pitest,signatures,testAnnotationProcessor
