# This is a Gradle generated file for dependency locking.
# Manual edits can break the build and are not advised.
# This file is expected to be part of source control.
net.bytebuddy:byte-buddy:1.12.7=testRuntimeClasspath
org.apiguardian:apiguardian-api:1.1.2=testCompileClasspath
org.assertj:assertj-core:3.22.0=testCompileClasspath,testRuntimeClasspath
org.junit.jupiter:junit-jupiter-api:5.8.2=testCompileClasspath,testRuntimeClasspath
org.junit.jupiter:junit-jupiter-engine:5.8.2=testRuntimeClasspath
org.junit.jupiter:junit-jupiter-params:5.8.2=testCompileClasspath,testRuntimeClasspath
org.junit.platform:junit-platform-commons:1.8.2=testCompileClasspath,testRuntimeClasspath
org.junit.platform:junit-platform-engine:1.8.2=testRuntimeClasspath
org.junit:junit-bom:5.8.2=testCompileClasspath,testRuntimeClasspath
org.objenesis:objenesis:3.2=testRuntimeClasspath
org.opentest4j:opentest4j:1.2.0=testCompileClasspath,testRuntimeClasspath
org.slf4j:slf4j-api:2.0.0-alpha6=testRuntimeClasspath
empty=annotationProcessor,compileClasspath,runtimeClasspath,testAnnotationProcessor
