# This is a Gradle generated file for dependency locking.
# Manual edits can break the build and are not advised.
# This file is expected to be part of source control.
cglib:cglib:3.3.0
ch.qos.logback:logback-classic:1.2.3
ch.qos.logback:logback-core:1.2.3
com.google.code.findbugs:jsr305:3.0.2
javax.validation:validation-api:2.0.1.Final
net.bytebuddy:byte-buddy-agent:1.10.5
net.bytebuddy:byte-buddy:1.10.10
net.sf.jopt-simple:jopt-simple:4.6
nl.jqno.equalsverifier:equalsverifier:3.2
org.apache.commons:commons-lang3:3.10
org.apache.commons:commons-math3:3.2
org.apiguardian:apiguardian-api:1.1.0
org.assertj:assertj-core:3.16.1
org.javassist:javassist:3.27.0-GA
org.junit.jupiter:junit-jupiter-api:5.6.2
org.junit.jupiter:junit-jupiter-engine:5.6.2
org.junit.platform:junit-platform-commons:1.6.2
org.junit.platform:junit-platform-engine:1.6.2
org.junit:junit-bom:5.6.2
org.mockito:mockito-core:3.3.3
org.objenesis:objenesis:3.1
org.openjdk.jmh:jmh-core:1.23
org.openjdk.jmh:jmh-generator-annprocess:1.23
org.opentest4j:opentest4j:1.2.0
org.ow2.asm:asm:7.1
org.slf4j:jcl-over-slf4j:1.7.30
org.slf4j:slf4j-api:1.7.30
